
Microsoft Visual Studio Solution File, Format Version 12.00
# Visual Studio Version 17
VisualStudioVersion = 17.0.31903.59
MinimumVisualStudioVersion = 10.0.40219.1
Project("{2150E333-8FDC-42A3-9474-1A3956D46DE8}") = "src", "src", "{827E0CD3-B72D-47B6-A68D-7590B98EB39B}"
EndProject
Project("{FAE04EC0-301F-11D3-BF4B-00C04F79EFBC}") = "SleshWrites.Domain", "src\SleshWrites.Domain\SleshWrites.Domain.csproj", "{E0F9A391-9A1B-4D0C-9385-3874A1F58D64}"
EndProject
Project("{FAE04EC0-301F-11D3-BF4B-00C04F79EFBC}") = "SleshWrites.Application", "src\SleshWrites.Application\SleshWrites.Application.csproj", "{61AD04D6-A80B-4EA8-9559-74E5926A29E1}"
EndProject
Project("{FAE04EC0-301F-11D3-BF4B-00C04F79EFBC}") = "SleshWrites.Infrastructure", "src\SleshWrites.Infrastructure\SleshWrites.Infrastructure.csproj", "{9E8D6DD5-34F7-4466-A177-F592A09FBFDC}"
EndProject
Project("{FAE04EC0-301F-11D3-BF4B-00C04F79EFBC}") = "SleshWrites.API", "src\SleshWrites.API\SleshWrites.API.csproj", "{FF5A15A8-45AD-4F88-AE16-F4E412EBFBD6}"
EndProject
Project("{2150E333-8FDC-42A3-9474-1A3956D46DE8}") = "tests", "tests", "{0AB3BF05-4346-4AA6-1389-037BE0695223}"
EndProject
Project("{FAE04EC0-301F-11D3-BF4B-00C04F79EFBC}") = "SleshWrites.Domain.Tests", "tests\SleshWrites.Domain.Tests\SleshWrites.Domain.Tests.csproj", "{A71387F7-7C47-48DA-AD9A-F3E6434C2819}"
EndProject
Project("{FAE04EC0-301F-11D3-BF4B-00C04F79EFBC}") = "SleshWrites.Application.Tests", "tests\SleshWrites.Application.Tests\SleshWrites.Application.Tests.csproj", "{194614D3-3186-4919-8B27-8F22343618C6}"
EndProject
Project("{FAE04EC0-301F-11D3-BF4B-00C04F79EFBC}") = "SleshWrites.API.Tests", "tests\SleshWrites.API.Tests\SleshWrites.API.Tests.csproj", "{2384BB61-5A29-4AFA-BB47-8C99DCD27D70}"
EndProject
Global
	GlobalSection(SolutionConfigurationPlatforms) = preSolution
		Debug|Any CPU = Debug|Any CPU
		Debug|x64 = Debug|x64
		Debug|x86 = Debug|x86
		Release|Any CPU = Release|Any CPU
		Release|x64 = Release|x64
		Release|x86 = Release|x86
	EndGlobalSection
	GlobalSection(ProjectConfigurationPlatforms) = postSolution
		{E0F9A391-9A1B-4D0C-9385-3874A1F58D64}.Debug|Any CPU.ActiveCfg = Debug|Any CPU
		{E0F9A391-9A1B-4D0C-9385-3874A1F58D64}.Debug|Any CPU.Build.0 = Debug|Any CPU
		{E0F9A391-9A1B-4D0C-9385-3874A1F58D64}.Debug|x64.ActiveCfg = Debug|Any CPU
		{E0F9A391-9A1B-4D0C-9385-3874A1F58D64}.Debug|x64.Build.0 = Debug|Any CPU
		{E0F9A391-9A1B-4D0C-9385-3874A1F58D64}.Debug|x86.ActiveCfg = Debug|Any CPU
		{E0F9A391-9A1B-4D0C-9385-3874A1F58D64}.Debug|x86.Build.0 = Debug|Any CPU
		{E0F9A391-9A1B-4D0C-9385-3874A1F58D64}.Release|Any CPU.ActiveCfg = Release|Any CPU
		{E0F9A391-9A1B-4D0C-9385-3874A1F58D64}.Release|Any CPU.Build.0 = Release|Any CPU
		{E0F9A391-9A1B-4D0C-9385-3874A1F58D64}.Release|x64.ActiveCfg = Release|Any CPU
		{E0F9A391-9A1B-4D0C-9385-3874A1F58D64}.Release|x64.Build.0 = Release|Any CPU
		{E0F9A391-9A1B-4D0C-9385-3874A1F58D64}.Release|x86.ActiveCfg = Release|Any CPU
		{E0F9A391-9A1B-4D0C-9385-3874A1F58D64}.Release|x86.Build.0 = Release|Any CPU
		{61AD04D6-A80B-4EA8-9559-74E5926A29E1}.Debug|Any CPU.ActiveCfg = Debug|Any CPU
		{61AD04D6-A80B-4EA8-9559-74E5926A29E1}.Debug|Any CPU.Build.0 = Debug|Any CPU
		{61AD04D6-A80B-4EA8-9559-74E5926A29E1}.Debug|x64.ActiveCfg = Debug|Any CPU
		{61AD04D6-A80B-4EA8-9559-74E5926A29E1}.Debug|x64.Build.0 = Debug|Any CPU
		{61AD04D6-A80B-4EA8-9559-74E5926A29E1}.Debug|x86.ActiveCfg = Debug|Any CPU
		{61AD04D6-A80B-4EA8-9559-74E5926A29E1}.Debug|x86.Build.0 = Debug|Any CPU
		{61AD04D6-A80B-4EA8-9559-74E5926A29E1}.Release|Any CPU.ActiveCfg = Release|Any CPU
		{61AD04D6-A80B-4EA8-9559-74E5926A29E1}.Release|Any CPU.Build.0 = Release|Any CPU
		{61AD04D6-A80B-4EA8-9559-74E5926A29E1}.Release|x64.ActiveCfg = Release|Any CPU
		{61AD04D6-A80B-4EA8-9559-74E5926A29E1}.Release|x64.Build.0 = Release|Any CPU
		{61AD04D6-A80B-4EA8-9559-74E5926A29E1}.Release|x86.ActiveCfg = Release|Any CPU
		{61AD04D6-A80B-4EA8-9559-74E5926A29E1}.Release|x86.Build.0 = Release|Any CPU
		{9E8D6DD5-34F7-4466-A177-F592A09FBFDC}.Debug|Any CPU.ActiveCfg = Debug|Any CPU
		{9E8D6DD5-34F7-4466-A177-F592A09FBFDC}.Debug|Any CPU.Build.0 = Debug|Any CPU
		{9E8D6DD5-34F7-4466-A177-F592A09FBFDC}.Debug|x64.ActiveCfg = Debug|Any CPU
		{9E8D6DD5-34F7-4466-A177-F592A09FBFDC}.Debug|x64.Build.0 = Debug|Any CPU
		{9E8D6DD5-34F7-4466-A177-F592A09FBFDC}.Debug|x86.ActiveCfg = Debug|Any CPU
		{9E8D6DD5-34F7-4466-A177-F592A09FBFDC}.Debug|x86.Build.0 = Debug|Any CPU
		{9E8D6DD5-34F7-4466-A177-F592A09FBFDC}.Release|Any CPU.ActiveCfg = Release|Any CPU
		{9E8D6DD5-34F7-4466-A177-F592A09FBFDC}.Release|Any CPU.Build.0 = Release|Any CPU
		{9E8D6DD5-34F7-4466-A177-F592A09FBFDC}.Release|x64.ActiveCfg = Release|Any CPU
		{9E8D6DD5-34F7-4466-A177-F592A09FBFDC}.Release|x64.Build.0 = Release|Any CPU
		{9E8D6DD5-34F7-4466-A177-F592A09FBFDC}.Release|x86.ActiveCfg = Release|Any CPU
		{9E8D6DD5-34F7-4466-A177-F592A09FBFDC}.Release|x86.Build.0 = Release|Any CPU
		{FF5A15A8-45AD-4F88-AE16-F4E412EBFBD6}.Debug|Any CPU.ActiveCfg = Debug|Any CPU
		{FF5A15A8-45AD-4F88-AE16-F4E412EBFBD6}.Debug|Any CPU.Build.0 = Debug|Any CPU
		{FF5A15A8-45AD-4F88-AE16-F4E412EBFBD6}.Debug|x64.ActiveCfg = Debug|Any CPU
		{FF5A15A8-45AD-4F88-AE16-F4E412EBFBD6}.Debug|x64.Build.0 = Debug|Any CPU
		{FF5A15A8-45AD-4F88-AE16-F4E412EBFBD6}.Debug|x86.ActiveCfg = Debug|Any CPU
		{FF5A15A8-45AD-4F88-AE16-F4E412EBFBD6}.Debug|x86.Build.0 = Debug|Any CPU
		{FF5A15A8-45AD-4F88-AE16-F4E412EBFBD6}.Release|Any CPU.ActiveCfg = Release|Any CPU
		{FF5A15A8-45AD-4F88-AE16-F4E412EBFBD6}.Release|Any CPU.Build.0 = Release|Any CPU
		{FF5A15A8-45AD-4F88-AE16-F4E412EBFBD6}.Release|x64.ActiveCfg = Release|Any CPU
		{FF5A15A8-45AD-4F88-AE16-F4E412EBFBD6}.Release|x64.Build.0 = Release|Any CPU
		{FF5A15A8-45AD-4F88-AE16-F4E412EBFBD6}.Release|x86.ActiveCfg = Release|Any CPU
		{FF5A15A8-45AD-4F88-AE16-F4E412EBFBD6}.Release|x86.Build.0 = Release|Any CPU
		{A71387F7-7C47-48DA-AD9A-F3E6434C2819}.Debug|Any CPU.ActiveCfg = Debug|Any CPU
		{A71387F7-7C47-48DA-AD9A-F3E6434C2819}.Debug|Any CPU.Build.0 = Debug|Any CPU
		{A71387F7-7C47-48DA-AD9A-F3E6434C2819}.Debug|x64.ActiveCfg = Debug|Any CPU
		{A71387F7-7C47-48DA-AD9A-F3E6434C2819}.Debug|x64.Build.0 = Debug|Any CPU
		{A71387F7-7C47-48DA-AD9A-F3E6434C2819}.Debug|x86.ActiveCfg = Debug|Any CPU
		{A71387F7-7C47-48DA-AD9A-F3E6434C2819}.Debug|x86.Build.0 = Debug|Any CPU
		{A71387F7-7C47-48DA-AD9A-F3E6434C2819}.Release|Any CPU.ActiveCfg = Release|Any CPU
		{A71387F7-7C47-48DA-AD9A-F3E6434C2819}.Release|Any CPU.Build.0 = Release|Any CPU
		{A71387F7-7C47-48DA-AD9A-F3E6434C2819}.Release|x64.ActiveCfg = Release|Any CPU
		{A71387F7-7C47-48DA-AD9A-F3E6434C2819}.Release|x64.Build.0 = Release|Any CPU
		{A71387F7-7C47-48DA-AD9A-F3E6434C2819}.Release|x86.ActiveCfg = Release|Any CPU
		{A71387F7-7C47-48DA-AD9A-F3E6434C2819}.Release|x86.Build.0 = Release|Any CPU
		{194614D3-3186-4919-8B27-8F22343618C6}.Debug|Any CPU.ActiveCfg = Debug|Any CPU
		{194614D3-3186-4919-8B27-8F22343618C6}.Debug|Any CPU.Build.0 = Debug|Any CPU
		{194614D3-3186-4919-8B27-8F22343618C6}.Debug|x64.ActiveCfg = Debug|Any CPU
		{194614D3-3186-4919-8B27-8F22343618C6}.Debug|x64.Build.0 = Debug|Any CPU
		{194614D3-3186-4919-8B27-8F22343618C6}.Debug|x86.ActiveCfg = Debug|Any CPU
		{194614D3-3186-4919-8B27-8F22343618C6}.Debug|x86.Build.0 = Debug|Any CPU
		{194614D3-3186-4919-8B27-8F22343618C6}.Release|Any CPU.ActiveCfg = Release|Any CPU
		{194614D3-3186-4919-8B27-8F22343618C6}.Release|Any CPU.Build.0 = Release|Any CPU
		{194614D3-3186-4919-8B27-8F22343618C6}.Release|x64.ActiveCfg = Release|Any CPU
		{194614D3-3186-4919-8B27-8F22343618C6}.Release|x64.Build.0 = Release|Any CPU
		{194614D3-3186-4919-8B27-8F22343618C6}.Release|x86.ActiveCfg = Release|Any CPU
		{194614D3-3186-4919-8B27-8F22343618C6}.Release|x86.Build.0 = Release|Any CPU
		{2384BB61-5A29-4AFA-BB47-8C99DCD27D70}.Debug|Any CPU.ActiveCfg = Debug|Any CPU
		{2384BB61-5A29-4AFA-BB47-8C99DCD27D70}.Debug|Any CPU.Build.0 = Debug|Any CPU
		{2384BB61-5A29-4AFA-BB47-8C99DCD27D70}.Debug|x64.ActiveCfg = Debug|Any CPU
		{2384BB61-5A29-4AFA-BB47-8C99DCD27D70}.Debug|x64.Build.0 = Debug|Any CPU
		{2384BB61-5A29-4AFA-BB47-8C99DCD27D70}.Debug|x86.ActiveCfg = Debug|Any CPU
		{2384BB61-5A29-4AFA-BB47-8C99DCD27D70}.Debug|x86.Build.0 = Debug|Any CPU
		{2384BB61-5A29-4AFA-BB47-8C99DCD27D70}.Release|Any CPU.ActiveCfg = Release|Any CPU
		{2384BB61-5A29-4AFA-BB47-8C99DCD27D70}.Release|Any CPU.Build.0 = Release|Any CPU
		{2384BB61-5A29-4AFA-BB47-8C99DCD27D70}.Release|x64.ActiveCfg = Release|Any CPU
		{2384BB61-5A29-4AFA-BB47-8C99DCD27D70}.Release|x64.Build.0 = Release|Any CPU
		{2384BB61-5A29-4AFA-BB47-8C99DCD27D70}.Release|x86.ActiveCfg = Release|Any CPU
		{2384BB61-5A29-4AFA-BB47-8C99DCD27D70}.Release|x86.Build.0 = Release|Any CPU
	EndGlobalSection
	GlobalSection(SolutionProperties) = preSolution
		HideSolutionNode = FALSE
	EndGlobalSection
	GlobalSection(NestedProjects) = preSolution
		{E0F9A391-9A1B-4D0C-9385-3874A1F58D64} = {827E0CD3-B72D-47B6-A68D-7590B98EB39B}
		{61AD04D6-A80B-4EA8-9559-74E5926A29E1} = {827E0CD3-B72D-47B6-A68D-7590B98EB39B}
		{9E8D6DD5-34F7-4466-A177-F592A09FBFDC} = {827E0CD3-B72D-47B6-A68D-7590B98EB39B}
		{FF5A15A8-45AD-4F88-AE16-F4E412EBFBD6} = {827E0CD3-B72D-47B6-A68D-7590B98EB39B}
		{A71387F7-7C47-48DA-AD9A-F3E6434C2819} = {0AB3BF05-4346-4AA6-1389-037BE0695223}
		{194614D3-3186-4919-8B27-8F22343618C6} = {0AB3BF05-4346-4AA6-1389-037BE0695223}
		{2384BB61-5A29-4AFA-BB47-8C99DCD27D70} = {0AB3BF05-4346-4AA6-1389-037BE0695223}
	EndGlobalSection
EndGlobal
